
Microsoft Visual Studio Solution File, Format Version 12.00
# Visual Studio Version 16
VisualStudioVersion = 16.0.29123.88
MinimumVisualStudioVersion = 10.0.40219.1
Project("{FAE04EC0-301F-11D3-BF4B-00C04F79EFBC}") = "StoreLayer.WEB", "StoreLayer.WEB\StoreLayer.WEB.csproj", "{2569883F-EF01-4BF0-B2C5-B156F992CE34}"
EndProject
Project("{FAE04EC0-301F-11D3-BF4B-00C04F79EFBC}") = "StoreLayerApp.DAL", "StoreLayerApp.DAL\StoreLayerApp.DAL.csproj", "{2F50D403-F2B8-449C-AE7A-0852799DE1C6}"
EndProject
Project("{FAE04EC0-301F-11D3-BF4B-00C04F79EFBC}") = "StoreLayerApp.BLL", "StoreLayerApp.BLL\StoreLayerApp.BLL.csproj", "{3475FE85-4532-439E-82BB-E1A8A5076048}"
EndProject
Global
	GlobalSection(SolutionConfigurationPlatforms) = preSolution
		Debug|Any CPU = Debug|Any CPU
		Release|Any CPU = Release|Any CPU
	EndGlobalSection
	GlobalSection(ProjectConfigurationPlatforms) = postSolution
		{2569883F-EF01-4BF0-B2C5-B156F992CE34}.Debug|Any CPU.ActiveCfg = Debug|Any CPU
		{2569883F-EF01-4BF0-B2C5-B156F992CE34}.Debug|Any CPU.Build.0 = Debug|Any CPU
		{2569883F-EF01-4BF0-B2C5-B156F992CE34}.Release|Any CPU.ActiveCfg = Release|Any CPU
		{2569883F-EF01-4BF0-B2C5-B156F992CE34}.Release|Any CPU.Build.0 = Release|Any CPU
		{2F50D403-F2B8-449C-AE7A-0852799DE1C6}.Debug|Any CPU.ActiveCfg = Debug|Any CPU
		{2F50D403-F2B8-449C-AE7A-0852799DE1C6}.Debug|Any CPU.Build.0 = Debug|Any CPU
		{2F50D403-F2B8-449C-AE7A-0852799DE1C6}.Release|Any CPU.ActiveCfg = Release|Any CPU
		{2F50D403-F2B8-449C-AE7A-0852799DE1C6}.Release|Any CPU.Build.0 = Release|Any CPU
		{3475FE85-4532-439E-82BB-E1A8A5076048}.Debug|Any CPU.ActiveCfg = Debug|Any CPU
		{3475FE85-4532-439E-82BB-E1A8A5076048}.Debug|Any CPU.Build.0 = Debug|Any CPU
		{3475FE85-4532-439E-82BB-E1A8A5076048}.Release|Any CPU.ActiveCfg = Release|Any CPU
		{3475FE85-4532-439E-82BB-E1A8A5076048}.Release|Any CPU.Build.0 = Release|Any CPU
	EndGlobalSection
	GlobalSection(SolutionProperties) = preSolution
		HideSolutionNode = FALSE
	EndGlobalSection
	GlobalSection(ExtensibilityGlobals) = postSolution
		SolutionGuid = {1484EC92-A5FE-408F-9C23-09997F1EAB52}
	EndGlobalSection
EndGlobal
