
Microsoft Visual Studio Solution File, Format Version 12.00
# Visual Studio Version 16
VisualStudioVersion = 16.0.29123.88
MinimumVisualStudioVersion = 10.0.40219.1
Project("{FAE04EC0-301F-11D3-BF4B-00C04F79EFBC}") = "StoreCar", "StoreCar\StoreCar.csproj", "{CC9DAAD6-28BA-4DA3-BCCB-8E8F816E3689}"
EndProject
Global
	GlobalSection(SolutionConfigurationPlatforms) = preSolution
		Debug|Any CPU = Debug|Any CPU
		Release|Any CPU = Release|Any CPU
	EndGlobalSection
	GlobalSection(ProjectConfigurationPlatforms) = postSolution
		{CC9DAAD6-28BA-4DA3-BCCB-8E8F816E3689}.Debug|Any CPU.ActiveCfg = Debug|Any CPU
		{CC9DAAD6-28BA-4DA3-BCCB-8E8F816E3689}.Debug|Any CPU.Build.0 = Debug|Any CPU
		{CC9DAAD6-28BA-4DA3-BCCB-8E8F816E3689}.Release|Any CPU.ActiveCfg = Release|Any CPU
		{CC9DAAD6-28BA-4DA3-BCCB-8E8F816E3689}.Release|Any CPU.Build.0 = Release|Any CPU
	EndGlobalSection
	GlobalSection(SolutionProperties) = preSolution
		HideSolutionNode = FALSE
	EndGlobalSection
	GlobalSection(ExtensibilityGlobals) = postSolution
		SolutionGuid = {BB10AC22-9939-4F76-A33E-B6976A38E00F}
	EndGlobalSection
EndGlobal
